// !$*UTF8*$!
{
	archiveVersion = 1;
	classes = {
	};
	objectVersion = 56;
	objects = {

/* Begin PBXBuildFile section */
		EA09521D2ACF8B110096738F /* ImagePicker.swift in Sources */ = {isa = PBXBuildFile; fileRef = EA09521C2ACF8B110096738F /* ImagePicker.swift */; };
		EAC11E102ADBA8C200B5549F /* FirebaseAnalytics in Frameworks */ = {isa = PBXBuildFile; productRef = EAC11E0F2ADBA8C200B5549F /* FirebaseAnalytics */; };
		EAC11E122ADBA8C200B5549F /* FirebaseAnalyticsOnDeviceConversion in Frameworks */ = {isa = PBXBuildFile; productRef = EAC11E112ADBA8C200B5549F /* FirebaseAnalyticsOnDeviceConversion */; };
		EAC11E142ADBA8C200B5549F /* FirebaseAnalyticsSwift in Frameworks */ = {isa = PBXBuildFile; productRef = EAC11E132ADBA8C200B5549F /* FirebaseAnalyticsSwift */; };
		EAC11E162ADBA8C200B5549F /* FirebaseAnalyticsWithoutAdIdSupport in Frameworks */ = {isa = PBXBuildFile; productRef = EAC11E152ADBA8C200B5549F /* FirebaseAnalyticsWithoutAdIdSupport */; };
		EAC11E182ADBA8C200B5549F /* FirebaseAppCheck in Frameworks */ = {isa = PBXBuildFile; productRef = EAC11E172ADBA8C200B5549F /* FirebaseAppCheck */; };
		EAC11E1A2ADBA8C200B5549F /* FirebaseAppDistribution-Beta in Frameworks */ = {isa = PBXBuildFile; productRef = EAC11E192ADBA8C200B5549F /* FirebaseAppDistribution-Beta */; };
		EAC11E1C2ADBA8C200B5549F /* FirebaseAuth in Frameworks */ = {isa = PBXBuildFile; productRef = EAC11E1B2ADBA8C200B5549F /* FirebaseAuth */; };
		EAC11E1E2ADBA8C200B5549F /* FirebaseAuthCombine-Community in Frameworks */ = {isa = PBXBuildFile; productRef = EAC11E1D2ADBA8C200B5549F /* FirebaseAuthCombine-Community */; };
		EAC11E202ADBA8C200B5549F /* FirebaseCrashlytics in Frameworks */ = {isa = PBXBuildFile; productRef = EAC11E1F2ADBA8C200B5549F /* FirebaseCrashlytics */; };
		EAC11E222ADBA8C200B5549F /* FirebaseDatabase in Frameworks */ = {isa = PBXBuildFile; productRef = EAC11E212ADBA8C200B5549F /* FirebaseDatabase */; };
		EAC11E242ADBA8C200B5549F /* FirebaseDatabaseSwift in Frameworks */ = {isa = PBXBuildFile; productRef = EAC11E232ADBA8C200B5549F /* FirebaseDatabaseSwift */; };
		EAC11E262ADBA8C200B5549F /* FirebaseDynamicLinks in Frameworks */ = {isa = PBXBuildFile; productRef = EAC11E252ADBA8C200B5549F /* FirebaseDynamicLinks */; };
		EAC11E282ADBA8C200B5549F /* FirebaseFirestore in Frameworks */ = {isa = PBXBuildFile; productRef = EAC11E272ADBA8C200B5549F /* FirebaseFirestore */; };
		EAC11E2A2ADBA8C200B5549F /* FirebaseFirestoreCombine-Community in Frameworks */ = {isa = PBXBuildFile; productRef = EAC11E292ADBA8C200B5549F /* FirebaseFirestoreCombine-Community */; };
		EAC11E2C2ADBA8C200B5549F /* FirebaseFirestoreSwift in Frameworks */ = {isa = PBXBuildFile; productRef = EAC11E2B2ADBA8C200B5549F /* FirebaseFirestoreSwift */; };
		EAC11E2E2ADBA8C200B5549F /* FirebaseFunctions in Frameworks */ = {isa = PBXBuildFile; productRef = EAC11E2D2ADBA8C200B5549F /* FirebaseFunctions */; };
		EAC11E302ADBA8C200B5549F /* FirebaseFunctionsCombine-Community in Frameworks */ = {isa = PBXBuildFile; productRef = EAC11E2F2ADBA8C200B5549F /* FirebaseFunctionsCombine-Community */; };
		EAC11E322ADBA8C200B5549F /* FirebaseInAppMessaging-Beta in Frameworks */ = {isa = PBXBuildFile; productRef = EAC11E312ADBA8C200B5549F /* FirebaseInAppMessaging-Beta */; };
		EAC11E342ADBA8C200B5549F /* FirebaseInAppMessagingSwift-Beta in Frameworks */ = {isa = PBXBuildFile; productRef = EAC11E332ADBA8C200B5549F /* FirebaseInAppMessagingSwift-Beta */; };
		EAC11E362ADBA8C200B5549F /* FirebaseInstallations in Frameworks */ = {isa = PBXBuildFile; productRef = EAC11E352ADBA8C200B5549F /* FirebaseInstallations */; };
		EAC11E382ADBA8C200B5549F /* FirebaseMLModelDownloader in Frameworks */ = {isa = PBXBuildFile; productRef = EAC11E372ADBA8C200B5549F /* FirebaseMLModelDownloader */; };
		EAC11E3A2ADBA8C200B5549F /* FirebaseMessaging in Frameworks */ = {isa = PBXBuildFile; productRef = EAC11E392ADBA8C200B5549F /* FirebaseMessaging */; };
		EAC11E3C2ADBA8C200B5549F /* FirebasePerformance in Frameworks */ = {isa = PBXBuildFile; productRef = EAC11E3B2ADBA8C200B5549F /* FirebasePerformance */; };
		EAC11E3E2ADBA8C200B5549F /* FirebaseRemoteConfig in Frameworks */ = {isa = PBXBuildFile; productRef = EAC11E3D2ADBA8C200B5549F /* FirebaseRemoteConfig */; };
		EAC11E402ADBA8C200B5549F /* FirebaseRemoteConfigSwift in Frameworks */ = {isa = PBXBuildFile; productRef = EAC11E3F2ADBA8C200B5549F /* FirebaseRemoteConfigSwift */; };
		EAC11E422ADBA8C200B5549F /* FirebaseStorage in Frameworks */ = {isa = PBXBuildFile; productRef = EAC11E412ADBA8C200B5549F /* FirebaseStorage */; };
		EAC11E442ADBA8C200B5549F /* FirebaseStorageCombine-Community in Frameworks */ = {isa = PBXBuildFile; productRef = EAC11E432ADBA8C200B5549F /* FirebaseStorageCombine-Community */; };
		EAC11E472ADC780E00B5549F /* MainMessagesView.swift in Sources */ = {isa = PBXBuildFile; fileRef = EAC11E462ADC780E00B5549F /* MainMessagesView.swift */; };
		EAD1DB3B2AC23698002A55D9 /* ANSwiftUIFirebaseChatApp.swift in Sources */ = {isa = PBXBuildFile; fileRef = EAD1DB3A2AC23698002A55D9 /* ANSwiftUIFirebaseChatApp.swift */; };
		EAD1DB3D2AC23698002A55D9 /* LoginView.swift in Sources */ = {isa = PBXBuildFile; fileRef = EAD1DB3C2AC23698002A55D9 /* LoginView.swift */; };
		EAD1DB3F2AC23699002A55D9 /* Assets.xcassets in Resources */ = {isa = PBXBuildFile; fileRef = EAD1DB3E2AC23699002A55D9 /* Assets.xcassets */; };
		EAD1DB4F2AC52BF3002A55D9 /* GoogleService-Info.plist in Resources */ = {isa = PBXBuildFile; fileRef = EAD1DB4E2AC52BF3002A55D9 /* GoogleService-Info.plist */; };
/* End PBXBuildFile section */

/* Begin PBXFileReference section */
		EA09521C2ACF8B110096738F /* ImagePicker.swift */ = {isa = PBXFileReference; lastKnownFileType = sourcecode.swift; path = ImagePicker.swift; sourceTree = "<group>"; };
		EAC11E462ADC780E00B5549F /* MainMessagesView.swift */ = {isa = PBXFileReference; lastKnownFileType = sourcecode.swift; path = MainMessagesView.swift; sourceTree = "<group>"; };
		EAD1DB372AC23698002A55D9 /* ANSwiftUIFirebaseChat.app */ = {isa = PBXFileReference; explicitFileType = wrapper.application; includeInIndex = 0; path = ANSwiftUIFirebaseChat.app; sourceTree = BUILT_PRODUCTS_DIR; };
		EAD1DB3A2AC23698002A55D9 /* ANSwiftUIFirebaseChatApp.swift */ = {isa = PBXFileReference; lastKnownFileType = sourcecode.swift; path = ANSwiftUIFirebaseChatApp.swift; sourceTree = "<group>"; };
		EAD1DB3C2AC23698002A55D9 /* LoginView.swift */ = {isa = PBXFileReference; lastKnownFileType = sourcecode.swift; path = LoginView.swift; sourceTree = "<group>"; };
		EAD1DB3E2AC23699002A55D9 /* Assets.xcassets */ = {isa = PBXFileReference; lastKnownFileType = folder.assetcatalog; path = Assets.xcassets; sourceTree = "<group>"; };
		EAD1DB402AC23699002A55D9 /* ANSwiftUIFirebaseChat.entitlements */ = {isa = PBXFileReference; lastKnownFileType = text.plist.entitlements; path = ANSwiftUIFirebaseChat.entitlements; sourceTree = "<group>"; };
		EAD1DB4E2AC52BF3002A55D9 /* GoogleService-Info.plist */ = {isa = PBXFileReference; fileEncoding = 4; lastKnownFileType = text.plist.xml; name = "GoogleService-Info.plist"; path = "../../../Downloads/GoogleService-Info.plist"; sourceTree = "<group>"; };
/* End PBXFileReference section */

/* Begin PBXFrameworksBuildPhase section */
		EAD1DB342AC23698002A55D9 /* Frameworks */ = {
			isa = PBXFrameworksBuildPhase;
			buildActionMask = 2147483647;
			files = (
				EAC11E222ADBA8C200B5549F /* FirebaseDatabase in Frameworks */,
				EAC11E302ADBA8C200B5549F /* FirebaseFunctionsCombine-Community in Frameworks */,
				EAC11E282ADBA8C200B5549F /* FirebaseFirestore in Frameworks */,
				EAC11E142ADBA8C200B5549F /* FirebaseAnalyticsSwift in Frameworks */,
				EAC11E102ADBA8C200B5549F /* FirebaseAnalytics in Frameworks */,
				EAC11E122ADBA8C200B5549F /* FirebaseAnalyticsOnDeviceConversion in Frameworks */,
				EAC11E382ADBA8C200B5549F /* FirebaseMLModelDownloader in Frameworks */,
				EAC11E2C2ADBA8C200B5549F /* FirebaseFirestoreSwift in Frameworks */,
				EAC11E182ADBA8C200B5549F /* FirebaseAppCheck in Frameworks */,
				EAC11E162ADBA8C200B5549F /* FirebaseAnalyticsWithoutAdIdSupport in Frameworks */,
				EAC11E1C2ADBA8C200B5549F /* FirebaseAuth in Frameworks */,
				EAC11E202ADBA8C200B5549F /* FirebaseCrashlytics in Frameworks */,
				EAC11E402ADBA8C200B5549F /* FirebaseRemoteConfigSwift in Frameworks */,
				EAC11E322ADBA8C200B5549F /* FirebaseInAppMessaging-Beta in Frameworks */,
				EAC11E242ADBA8C200B5549F /* FirebaseDatabaseSwift in Frameworks */,
				EAC11E2E2ADBA8C200B5549F /* FirebaseFunctions in Frameworks */,
				EAC11E442ADBA8C200B5549F /* FirebaseStorageCombine-Community in Frameworks */,
				EAC11E3E2ADBA8C200B5549F /* FirebaseRemoteConfig in Frameworks */,
				EAC11E1A2ADBA8C200B5549F /* FirebaseAppDistribution-Beta in Frameworks */,
				EAC11E1E2ADBA8C200B5549F /* FirebaseAuthCombine-Community in Frameworks */,
				EAC11E3C2ADBA8C200B5549F /* FirebasePerformance in Frameworks */,
				EAC11E342ADBA8C200B5549F /* FirebaseInAppMessagingSwift-Beta in Frameworks */,
				EAC11E422ADBA8C200B5549F /* FirebaseStorage in Frameworks */,
				EAC11E262ADBA8C200B5549F /* FirebaseDynamicLinks in Frameworks */,
				EAC11E2A2ADBA8C200B5549F /* FirebaseFirestoreCombine-Community in Frameworks */,
				EAC11E3A2ADBA8C200B5549F /* FirebaseMessaging in Frameworks */,
				EAC11E362ADBA8C200B5549F /* FirebaseInstallations in Frameworks */,
			);
			runOnlyForDeploymentPostprocessing = 0;
		};
/* End PBXFrameworksBuildPhase section */

/* Begin PBXGroup section */
		EAC11E452ADC77C400B5549F /* MainMessages */ = {
			isa = PBXGroup;
			children = (
				EAC11E462ADC780E00B5549F /* MainMessagesView.swift */,
			);
			path = MainMessages;
			sourceTree = "<group>";
		};
		EAD1DB2E2AC23698002A55D9 = {
			isa = PBXGroup;
			children = (
				EAD1DB392AC23698002A55D9 /* ANSwiftUIFirebaseChat */,
				EAD1DB382AC23698002A55D9 /* Products */,
			);
			sourceTree = "<group>";
		};
		EAD1DB382AC23698002A55D9 /* Products */ = {
			isa = PBXGroup;
			children = (
				EAD1DB372AC23698002A55D9 /* ANSwiftUIFirebaseChat.app */,
			);
			name = Products;
			sourceTree = "<group>";
		};
		EAD1DB392AC23698002A55D9 /* ANSwiftUIFirebaseChat */ = {
			isa = PBXGroup;
			children = (
				EAC11E452ADC77C400B5549F /* MainMessages */,
				EAD1DB3A2AC23698002A55D9 /* ANSwiftUIFirebaseChatApp.swift */,
				EAD1DB3C2AC23698002A55D9 /* LoginView.swift */,
				EAD1DB4E2AC52BF3002A55D9 /* GoogleService-Info.plist */,
				EAD1DB3E2AC23699002A55D9 /* Assets.xcassets */,
				EA09521C2ACF8B110096738F /* ImagePicker.swift */,
				EAD1DB402AC23699002A55D9 /* ANSwiftUIFirebaseChat.entitlements */,
				EAD1DB412AC23699002A55D9 /* Preview Content */,
			);
			path = ANSwiftUIFirebaseChat;
			sourceTree = "<group>";
		};
		EAD1DB412AC23699002A55D9 /* Preview Content */ = {
			isa = PBXGroup;
			children = (
			);
			path = "Preview Content";
			sourceTree = "<group>";
		};
/* End PBXGroup section */

/* Begin PBXNativeTarget section */
		EAD1DB362AC23698002A55D9 /* ANSwiftUIFirebaseChat */ = {
			isa = PBXNativeTarget;
			buildConfigurationList = EAD1DB462AC23699002A55D9 /* Build configuration list for PBXNativeTarget "ANSwiftUIFirebaseChat" */;
			buildPhases = (
				EAD1DB332AC23698002A55D9 /* Sources */,
				EAD1DB342AC23698002A55D9 /* Frameworks */,
				EAD1DB352AC23698002A55D9 /* Resources */,
			);
			buildRules = (
			);
			dependencies = (
			);
			name = ANSwiftUIFirebaseChat;
			packageProductDependencies = (
				EAC11E0F2ADBA8C200B5549F /* FirebaseAnalytics */,
				EAC11E112ADBA8C200B5549F /* FirebaseAnalyticsOnDeviceConversion */,
				EAC11E132ADBA8C200B5549F /* FirebaseAnalyticsSwift */,
				EAC11E152ADBA8C200B5549F /* FirebaseAnalyticsWithoutAdIdSupport */,
				EAC11E172ADBA8C200B5549F /* FirebaseAppCheck */,
				EAC11E192ADBA8C200B5549F /* FirebaseAppDistribution-Beta */,
				EAC11E1B2ADBA8C200B5549F /* FirebaseAuth */,
				EAC11E1D2ADBA8C200B5549F /* FirebaseAuthCombine-Community */,
				EAC11E1F2ADBA8C200B5549F /* FirebaseCrashlytics */,
				EAC11E212ADBA8C200B5549F /* FirebaseDatabase */,
				EAC11E232ADBA8C200B5549F /* FirebaseDatabaseSwift */,
				EAC11E252ADBA8C200B5549F /* FirebaseDynamicLinks */,
				EAC11E272ADBA8C200B5549F /* FirebaseFirestore */,
				EAC11E292ADBA8C200B5549F /* FirebaseFirestoreCombine-Community */,
				EAC11E2B2ADBA8C200B5549F /* FirebaseFirestoreSwift */,
				EAC11E2D2ADBA8C200B5549F /* FirebaseFunctions */,
				EAC11E2F2ADBA8C200B5549F /* FirebaseFunctionsCombine-Community */,
				EAC11E312ADBA8C200B5549F /* FirebaseInAppMessaging-Beta */,
				EAC11E332ADBA8C200B5549F /* FirebaseInAppMessagingSwift-Beta */,
				EAC11E352ADBA8C200B5549F /* FirebaseInstallations */,
				EAC11E372ADBA8C200B5549F /* FirebaseMLModelDownloader */,
				EAC11E392ADBA8C200B5549F /* FirebaseMessaging */,
				EAC11E3B2ADBA8C200B5549F /* FirebasePerformance */,
				EAC11E3D2ADBA8C200B5549F /* FirebaseRemoteConfig */,
				EAC11E3F2ADBA8C200B5549F /* FirebaseRemoteConfigSwift */,
				EAC11E412ADBA8C200B5549F /* FirebaseStorage */,
				EAC11E432ADBA8C200B5549F /* FirebaseStorageCombine-Community */,
			);
			productName = ANSwiftUIFirebaseChat;
			productReference = EAD1DB372AC23698002A55D9 /* ANSwiftUIFirebaseChat.app */;
			productType = "com.apple.product-type.application";
		};
/* End PBXNativeTarget section */

/* Begin PBXProject section */
		EAD1DB2F2AC23698002A55D9 /* Project object */ = {
			isa = PBXProject;
			attributes = {
				BuildIndependentTargetsInParallel = 1;
				LastSwiftUpdateCheck = 1420;
				LastUpgradeCheck = 1500;
				TargetAttributes = {
					EAD1DB362AC23698002A55D9 = {
						CreatedOnToolsVersion = 14.2;
					};
				};
			};
			buildConfigurationList = EAD1DB322AC23698002A55D9 /* Build configuration list for PBXProject "ANSwiftUIFirebaseChat" */;
			compatibilityVersion = "Xcode 14.0";
			developmentRegion = en;
			hasScannedForEncodings = 0;
			knownRegions = (
				en,
				Base,
			);
			mainGroup = EAD1DB2E2AC23698002A55D9;
			packageReferences = (
				EAC11E0E2ADBA8C200B5549F /* XCRemoteSwiftPackageReference "firebase-ios-sdk" */,
			);
			productRefGroup = EAD1DB382AC23698002A55D9 /* Products */;
			projectDirPath = "";
			projectRoot = "";
			targets = (
				EAD1DB362AC23698002A55D9 /* ANSwiftUIFirebaseChat */,
			);
		};
/* End PBXProject section */

/* Begin PBXResourcesBuildPhase section */
		EAD1DB352AC23698002A55D9 /* Resources */ = {
			isa = PBXResourcesBuildPhase;
			buildActionMask = 2147483647;
			files = (
				EAD1DB3F2AC23699002A55D9 /* Assets.xcassets in Resources */,
				EAD1DB4F2AC52BF3002A55D9 /* GoogleService-Info.plist in Resources */,
			);
			runOnlyForDeploymentPostprocessing = 0;
		};
/* End PBXResourcesBuildPhase section */

/* Begin PBXSourcesBuildPhase section */
		EAD1DB332AC23698002A55D9 /* Sources */ = {
			isa = PBXSourcesBuildPhase;
			buildActionMask = 2147483647;
			files = (
				EA09521D2ACF8B110096738F /* ImagePicker.swift in Sources */,
				EAC11E472ADC780E00B5549F /* MainMessagesView.swift in Sources */,
				EAD1DB3D2AC23698002A55D9 /* LoginView.swift in Sources */,
				EAD1DB3B2AC23698002A55D9 /* ANSwiftUIFirebaseChatApp.swift in Sources */,
			);
			runOnlyForDeploymentPostprocessing = 0;
		};
/* End PBXSourcesBuildPhase section */

/* Begin XCBuildConfiguration section */
		EAD1DB442AC23699002A55D9 /* Debug */ = {
			isa = XCBuildConfiguration;
			buildSettings = {
				ALWAYS_SEARCH_USER_PATHS = NO;
				CLANG_ANALYZER_NONNULL = YES;
				CLANG_ANALYZER_NUMBER_OBJECT_CONVERSION = YES_AGGRESSIVE;
				CLANG_CXX_LANGUAGE_STANDARD = "gnu++20";
				CLANG_ENABLE_MODULES = YES;
				CLANG_ENABLE_OBJC_ARC = YES;
				CLANG_ENABLE_OBJC_WEAK = YES;
				CLANG_WARN_BLOCK_CAPTURE_AUTORELEASING = YES;
				CLANG_WARN_BOOL_CONVERSION = YES;
				CLANG_WARN_COMMA = YES;
				CLANG_WARN_CONSTANT_CONVERSION = YES;
				CLANG_WARN_DEPRECATED_OBJC_IMPLEMENTATIONS = YES;
				CLANG_WARN_DIRECT_OBJC_ISA_USAGE = YES_ERROR;
				CLANG_WARN_DOCUMENTATION_COMMENTS = YES;
				CLANG_WARN_EMPTY_BODY = YES;
				CLANG_WARN_ENUM_CONVERSION = YES;
				CLANG_WARN_INFINITE_RECURSION = YES;
				CLANG_WARN_INT_CONVERSION = YES;
				CLANG_WARN_NON_LITERAL_NULL_CONVERSION = YES;
				CLANG_WARN_OBJC_IMPLICIT_RETAIN_SELF = YES;
				CLANG_WARN_OBJC_LITERAL_CONVERSION = YES;
				CLANG_WARN_OBJC_ROOT_CLASS = YES_ERROR;
				CLANG_WARN_QUOTED_INCLUDE_IN_FRAMEWORK_HEADER = YES;
				CLANG_WARN_RANGE_LOOP_ANALYSIS = YES;
				CLANG_WARN_STRICT_PROTOTYPES = YES;
				CLANG_WARN_SUSPICIOUS_MOVE = YES;
				CLANG_WARN_UNGUARDED_AVAILABILITY = YES_AGGRESSIVE;
				CLANG_WARN_UNREACHABLE_CODE = YES;
				CLANG_WARN__DUPLICATE_METHOD_MATCH = YES;
				COPY_PHASE_STRIP = NO;
				DEAD_CODE_STRIPPING = YES;
				DEBUG_INFORMATION_FORMAT = dwarf;
				ENABLE_STRICT_OBJC_MSGSEND = YES;
				ENABLE_TESTABILITY = YES;
				ENABLE_USER_SCRIPT_SANDBOXING = YES;
				GCC_C_LANGUAGE_STANDARD = gnu11;
				GCC_DYNAMIC_NO_PIC = NO;
				GCC_NO_COMMON_BLOCKS = YES;
				GCC_OPTIMIZATION_LEVEL = 0;
				GCC_PREPROCESSOR_DEFINITIONS = (
					"DEBUG=1",
					"$(inherited)",
				);
				GCC_WARN_64_TO_32_BIT_CONVERSION = YES;
				GCC_WARN_ABOUT_RETURN_TYPE = YES_ERROR;
				GCC_WARN_UNDECLARED_SELECTOR = YES;
				GCC_WARN_UNINITIALIZED_AUTOS = YES_AGGRESSIVE;
				GCC_WARN_UNUSED_FUNCTION = YES;
				GCC_WARN_UNUSED_VARIABLE = YES;
				MTL_ENABLE_DEBUG_INFO = INCLUDE_SOURCE;
				MTL_FAST_MATH = YES;
				ONLY_ACTIVE_ARCH = YES;
				SWIFT_ACTIVE_COMPILATION_CONDITIONS = DEBUG;
				SWIFT_OPTIMIZATION_LEVEL = "-Onone";
			};
			name = Debug;
		};
		EAD1DB452AC23699002A55D9 /* Release */ = {
			isa = XCBuildConfiguration;
			buildSettings = {
				ALWAYS_SEARCH_USER_PATHS = NO;
				CLANG_ANALYZER_NONNULL = YES;
				CLANG_ANALYZER_NUMBER_OBJECT_CONVERSION = YES_AGGRESSIVE;
				CLANG_CXX_LANGUAGE_STANDARD = "gnu++20";
				CLANG_ENABLE_MODULES = YES;
				CLANG_ENABLE_OBJC_ARC = YES;
				CLANG_ENABLE_OBJC_WEAK = YES;
				CLANG_WARN_BLOCK_CAPTURE_AUTORELEASING = YES;
				CLANG_WARN_BOOL_CONVERSION = YES;
				CLANG_WARN_COMMA = YES;
				CLANG_WARN_CONSTANT_CONVERSION = YES;
				CLANG_WARN_DEPRECATED_OBJC_IMPLEMENTATIONS = YES;
				CLANG_WARN_DIRECT_OBJC_ISA_USAGE = YES_ERROR;
				CLANG_WARN_DOCUMENTATION_COMMENTS = YES;
				CLANG_WARN_EMPTY_BODY = YES;
				CLANG_WARN_ENUM_CONVERSION = YES;
				CLANG_WARN_INFINITE_RECURSION = YES;
				CLANG_WARN_INT_CONVERSION = YES;
				CLANG_WARN_NON_LITERAL_NULL_CONVERSION = YES;
				CLANG_WARN_OBJC_IMPLICIT_RETAIN_SELF = YES;
				CLANG_WARN_OBJC_LITERAL_CONVERSION = YES;
				CLANG_WARN_OBJC_ROOT_CLASS = YES_ERROR;
				CLANG_WARN_QUOTED_INCLUDE_IN_FRAMEWORK_HEADER = YES;
				CLANG_WARN_RANGE_LOOP_ANALYSIS = YES;
				CLANG_WARN_STRICT_PROTOTYPES = YES;
				CLANG_WARN_SUSPICIOUS_MOVE = YES;
				CLANG_WARN_UNGUARDED_AVAILABILITY = YES_AGGRESSIVE;
				CLANG_WARN_UNREACHABLE_CODE = YES;
				CLANG_WARN__DUPLICATE_METHOD_MATCH = YES;
				COPY_PHASE_STRIP = NO;
				DEAD_CODE_STRIPPING = YES;
				DEBUG_INFORMATION_FORMAT = "dwarf-with-dsym";
				ENABLE_NS_ASSERTIONS = NO;
				ENABLE_STRICT_OBJC_MSGSEND = YES;
				ENABLE_USER_SCRIPT_SANDBOXING = YES;
				GCC_C_LANGUAGE_STANDARD = gnu11;
				GCC_NO_COMMON_BLOCKS = YES;
				GCC_WARN_64_TO_32_BIT_CONVERSION = YES;
				GCC_WARN_ABOUT_RETURN_TYPE = YES_ERROR;
				GCC_WARN_UNDECLARED_SELECTOR = YES;
				GCC_WARN_UNINITIALIZED_AUTOS = YES_AGGRESSIVE;
				GCC_WARN_UNUSED_FUNCTION = YES;
				GCC_WARN_UNUSED_VARIABLE = YES;
				MTL_ENABLE_DEBUG_INFO = NO;
				MTL_FAST_MATH = YES;
				SWIFT_COMPILATION_MODE = wholemodule;
				SWIFT_OPTIMIZATION_LEVEL = "-O";
			};
			name = Release;
		};
		EAD1DB472AC23699002A55D9 /* Debug */ = {
			isa = XCBuildConfiguration;
			buildSettings = {
				ASSETCATALOG_COMPILER_APPICON_NAME = AppIcon;
				ASSETCATALOG_COMPILER_GLOBAL_ACCENT_COLOR_NAME = AccentColor;
				CODE_SIGN_ENTITLEMENTS = ANSwiftUIFirebaseChat/ANSwiftUIFirebaseChat.entitlements;
				CODE_SIGN_STYLE = Automatic;
				CURRENT_PROJECT_VERSION = 1;
				DEAD_CODE_STRIPPING = YES;
				DEVELOPMENT_ASSET_PATHS = "\"ANSwiftUIFirebaseChat/Preview Content\"";
				DEVELOPMENT_TEAM = 48YUK4RDLB;
				ENABLE_HARDENED_RUNTIME = YES;
				ENABLE_PREVIEWS = YES;
				GENERATE_INFOPLIST_FILE = YES;
				"INFOPLIST_KEY_UIApplicationSceneManifest_Generation[sdk=iphoneos*]" = YES;
				"INFOPLIST_KEY_UIApplicationSceneManifest_Generation[sdk=iphonesimulator*]" = YES;
				"INFOPLIST_KEY_UIApplicationSupportsIndirectInputEvents[sdk=iphoneos*]" = YES;
				"INFOPLIST_KEY_UIApplicationSupportsIndirectInputEvents[sdk=iphonesimulator*]" = YES;
				"INFOPLIST_KEY_UILaunchScreen_Generation[sdk=iphoneos*]" = YES;
				"INFOPLIST_KEY_UILaunchScreen_Generation[sdk=iphonesimulator*]" = YES;
				"INFOPLIST_KEY_UIStatusBarStyle[sdk=iphoneos*]" = UIStatusBarStyleDefault;
				"INFOPLIST_KEY_UIStatusBarStyle[sdk=iphonesimulator*]" = UIStatusBarStyleDefault;
				INFOPLIST_KEY_UISupportedInterfaceOrientations_iPad = "UIInterfaceOrientationPortrait UIInterfaceOrientationPortraitUpsideDown UIInterfaceOrientationLandscapeLeft UIInterfaceOrientationLandscapeRight";
				INFOPLIST_KEY_UISupportedInterfaceOrientations_iPhone = "UIInterfaceOrientationPortrait UIInterfaceOrientationLandscapeLeft UIInterfaceOrientationLandscapeRight";
				IPHONEOS_DEPLOYMENT_TARGET = 16.2;
				LD_RUNPATH_SEARCH_PATHS = "@executable_path/Frameworks";
				"LD_RUNPATH_SEARCH_PATHS[sdk=macosx*]" = "@executable_path/../Frameworks";
				MACOSX_DEPLOYMENT_TARGET = 13.1;
				MARKETING_VERSION = 1.0;
				PRODUCT_BUNDLE_IDENTIFIER = Afrisoft.ANSwiftUIFirebaseChat;
				PRODUCT_NAME = "$(TARGET_NAME)";
				SDKROOT = auto;
				SUPPORTED_PLATFORMS = "iphoneos iphonesimulator macosx";
				SWIFT_EMIT_LOC_STRINGS = YES;
				SWIFT_VERSION = 5.0;
				TARGETED_DEVICE_FAMILY = "1,2";
			};
			name = Debug;
		};
		EAD1DB482AC23699002A55D9 /* Release */ = {
			isa = XCBuildConfiguration;
			buildSettings = {
				ASSETCATALOG_COMPILER_APPICON_NAME = AppIcon;
				ASSETCATALOG_COMPILER_GLOBAL_ACCENT_COLOR_NAME = AccentColor;
				CODE_SIGN_ENTITLEMENTS = ANSwiftUIFirebaseChat/ANSwiftUIFirebaseChat.entitlements;
				CODE_SIGN_STYLE = Automatic;
				CURRENT_PROJECT_VERSION = 1;
				DEAD_CODE_STRIPPING = YES;
				DEVELOPMENT_ASSET_PATHS = "\"ANSwiftUIFirebaseChat/Preview Content\"";
				DEVELOPMENT_TEAM = 48YUK4RDLB;
				ENABLE_HARDENED_RUNTIME = YES;
				ENABLE_PREVIEWS = YES;
				GENERATE_INFOPLIST_FILE = YES;
				"INFOPLIST_KEY_UIApplicationSceneManifest_Generation[sdk=iphoneos*]" = YES;
				"INFOPLIST_KEY_UIApplicationSceneManifest_Generation[sdk=iphonesimulator*]" = YES;
				"INFOPLIST_KEY_UIApplicationSupportsIndirectInputEvents[sdk=iphoneos*]" = YES;
				"INFOPLIST_KEY_UIApplicationSupportsIndirectInputEvents[sdk=iphonesimulator*]" = YES;
				"INFOPLIST_KEY_UILaunchScreen_Generation[sdk=iphoneos*]" = YES;
				"INFOPLIST_KEY_UILaunchScreen_Generation[sdk=iphonesimulator*]" = YES;
				"INFOPLIST_KEY_UIStatusBarStyle[sdk=iphoneos*]" = UIStatusBarStyleDefault;
				"INFOPLIST_KEY_UIStatusBarStyle[sdk=iphonesimulator*]" = UIStatusBarStyleDefault;
				INFOPLIST_KEY_UISupportedInterfaceOrientations_iPad = "UIInterfaceOrientationPortrait UIInterfaceOrientationPortraitUpsideDown UIInterfaceOrientationLandscapeLeft UIInterfaceOrientationLandscapeRight";
				INFOPLIST_KEY_UISupportedInterfaceOrientations_iPhone = "UIInterfaceOrientationPortrait UIInterfaceOrientationLandscapeLeft UIInterfaceOrientationLandscapeRight";
				IPHONEOS_DEPLOYMENT_TARGET = 16.2;
				LD_RUNPATH_SEARCH_PATHS = "@executable_path/Frameworks";
				"LD_RUNPATH_SEARCH_PATHS[sdk=macosx*]" = "@executable_path/../Frameworks";
				MACOSX_DEPLOYMENT_TARGET = 13.1;
				MARKETING_VERSION = 1.0;
				PRODUCT_BUNDLE_IDENTIFIER = Afrisoft.ANSwiftUIFirebaseChat;
				PRODUCT_NAME = "$(TARGET_NAME)";
				SDKROOT = auto;
				SUPPORTED_PLATFORMS = "iphoneos iphonesimulator macosx";
				SWIFT_EMIT_LOC_STRINGS = YES;
				SWIFT_VERSION = 5.0;
				TARGETED_DEVICE_FAMILY = "1,2";
			};
			name = Release;
		};
/* End XCBuildConfiguration section */

/* Begin XCConfigurationList section */
		EAD1DB322AC23698002A55D9 /* Build configuration list for PBXProject "ANSwiftUIFirebaseChat" */ = {
			isa = XCConfigurationList;
			buildConfigurations = (
				EAD1DB442AC23699002A55D9 /* Debug */,
				EAD1DB452AC23699002A55D9 /* Release */,
			);
			defaultConfigurationIsVisible = 0;
			defaultConfigurationName = Release;
		};
		EAD1DB462AC23699002A55D9 /* Build configuration list for PBXNativeTarget "ANSwiftUIFirebaseChat" */ = {
			isa = XCConfigurationList;
			buildConfigurations = (
				EAD1DB472AC23699002A55D9 /* Debug */,
				EAD1DB482AC23699002A55D9 /* Release */,
			);
			defaultConfigurationIsVisible = 0;
			defaultConfigurationName = Release;
		};
/* End XCConfigurationList section */

/* Begin XCRemoteSwiftPackageReference section */
		EAC11E0E2ADBA8C200B5549F /* XCRemoteSwiftPackageReference "firebase-ios-sdk" */ = {
			isa = XCRemoteSwiftPackageReference;
			repositoryURL = "https://github.com/firebase/firebase-ios-sdk.git";
			requirement = {
				kind = upToNextMajorVersion;
				minimumVersion = 10.16.0;
			};
		};
/* End XCRemoteSwiftPackageReference section */

/* Begin XCSwiftPackageProductDependency section */
		EAC11E0F2ADBA8C200B5549F /* FirebaseAnalytics */ = {
			isa = XCSwiftPackageProductDependency;
			package = EAC11E0E2ADBA8C200B5549F /* XCRemoteSwiftPackageReference "firebase-ios-sdk" */;
			productName = FirebaseAnalytics;
		};
		EAC11E112ADBA8C200B5549F /* FirebaseAnalyticsOnDeviceConversion */ = {
			isa = XCSwiftPackageProductDependency;
			package = EAC11E0E2ADBA8C200B5549F /* XCRemoteSwiftPackageReference "firebase-ios-sdk" */;
			productName = FirebaseAnalyticsOnDeviceConversion;
		};
		EAC11E132ADBA8C200B5549F /* FirebaseAnalyticsSwift */ = {
			isa = XCSwiftPackageProductDependency;
			package = EAC11E0E2ADBA8C200B5549F /* XCRemoteSwiftPackageReference "firebase-ios-sdk" */;
			productName = FirebaseAnalyticsSwift;
		};
		EAC11E152ADBA8C200B5549F /* FirebaseAnalyticsWithoutAdIdSupport */ = {
			isa = XCSwiftPackageProductDependency;
			package = EAC11E0E2ADBA8C200B5549F /* XCRemoteSwiftPackageReference "firebase-ios-sdk" */;
			productName = FirebaseAnalyticsWithoutAdIdSupport;
		};
		EAC11E172ADBA8C200B5549F /* FirebaseAppCheck */ = {
			isa = XCSwiftPackageProductDependency;
			package = EAC11E0E2ADBA8C200B5549F /* XCRemoteSwiftPackageReference "firebase-ios-sdk" */;
			productName = FirebaseAppCheck;
		};
		EAC11E192ADBA8C200B5549F /* FirebaseAppDistribution-Beta */ = {
			isa = XCSwiftPackageProductDependency;
			package = EAC11E0E2ADBA8C200B5549F /* XCRemoteSwiftPackageReference "firebase-ios-sdk" */;
			productName = "FirebaseAppDistribution-Beta";
		};
		EAC11E1B2ADBA8C200B5549F /* FirebaseAuth */ = {
			isa = XCSwiftPackageProductDependency;
			package = EAC11E0E2ADBA8C200B5549F /* XCRemoteSwiftPackageReference "firebase-ios-sdk" */;
			productName = FirebaseAuth;
		};
		EAC11E1D2ADBA8C200B5549F /* FirebaseAuthCombine-Community */ = {
			isa = XCSwiftPackageProductDependency;
			package = EAC11E0E2ADBA8C200B5549F /* XCRemoteSwiftPackageReference "firebase-ios-sdk" */;
			productName = "FirebaseAuthCombine-Community";
		};
		EAC11E1F2ADBA8C200B5549F /* FirebaseCrashlytics */ = {
			isa = XCSwiftPackageProductDependency;
			package = EAC11E0E2ADBA8C200B5549F /* XCRemoteSwiftPackageReference "firebase-ios-sdk" */;
			productName = FirebaseCrashlytics;
		};
		EAC11E212ADBA8C200B5549F /* FirebaseDatabase */ = {
			isa = XCSwiftPackageProductDependency;
			package = EAC11E0E2ADBA8C200B5549F /* XCRemoteSwiftPackageReference "firebase-ios-sdk" */;
			productName = FirebaseDatabase;
		};
		EAC11E232ADBA8C200B5549F /* FirebaseDatabaseSwift */ = {
			isa = XCSwiftPackageProductDependency;
			package = EAC11E0E2ADBA8C200B5549F /* XCRemoteSwiftPackageReference "firebase-ios-sdk" */;
			productName = FirebaseDatabaseSwift;
		};
		EAC11E252ADBA8C200B5549F /* FirebaseDynamicLinks */ = {
			isa = XCSwiftPackageProductDependency;
			package = EAC11E0E2ADBA8C200B5549F /* XCRemoteSwiftPackageReference "firebase-ios-sdk" */;
			productName = FirebaseDynamicLinks;
		};
		EAC11E272ADBA8C200B5549F /* FirebaseFirestore */ = {
			isa = XCSwiftPackageProductDependency;
			package = EAC11E0E2ADBA8C200B5549F /* XCRemoteSwiftPackageReference "firebase-ios-sdk" */;
			productName = FirebaseFirestore;
		};
		EAC11E292ADBA8C200B5549F /* FirebaseFirestoreCombine-Community */ = {
			isa = XCSwiftPackageProductDependency;
			package = EAC11E0E2ADBA8C200B5549F /* XCRemoteSwiftPackageReference "firebase-ios-sdk" */;
			productName = "FirebaseFirestoreCombine-Community";
		};
		EAC11E2B2ADBA8C200B5549F /* FirebaseFirestoreSwift */ = {
			isa = XCSwiftPackageProductDependency;
			package = EAC11E0E2ADBA8C200B5549F /* XCRemoteSwiftPackageReference "firebase-ios-sdk" */;
			productName = FirebaseFirestoreSwift;
		};
		EAC11E2D2ADBA8C200B5549F /* FirebaseFunctions */ = {
			isa = XCSwiftPackageProductDependency;
			package = EAC11E0E2ADBA8C200B5549F /* XCRemoteSwiftPackageReference "firebase-ios-sdk" */;
			productName = FirebaseFunctions;
		};
		EAC11E2F2ADBA8C200B5549F /* FirebaseFunctionsCombine-Community */ = {
			isa = XCSwiftPackageProductDependency;
			package = EAC11E0E2ADBA8C200B5549F /* XCRemoteSwiftPackageReference "firebase-ios-sdk" */;
			productName = "FirebaseFunctionsCombine-Community";
		};
		EAC11E312ADBA8C200B5549F /* FirebaseInAppMessaging-Beta */ = {
			isa = XCSwiftPackageProductDependency;
			package = EAC11E0E2ADBA8C200B5549F /* XCRemoteSwiftPackageReference "firebase-ios-sdk" */;
			productName = "FirebaseInAppMessaging-Beta";
		};
		EAC11E332ADBA8C200B5549F /* FirebaseInAppMessagingSwift-Beta */ = {
			isa = XCSwiftPackageProductDependency;
			package = EAC11E0E2ADBA8C200B5549F /* XCRemoteSwiftPackageReference "firebase-ios-sdk" */;
			productName = "FirebaseInAppMessagingSwift-Beta";
		};
		EAC11E352ADBA8C200B5549F /* FirebaseInstallations */ = {
			isa = XCSwiftPackageProductDependency;
			package = EAC11E0E2ADBA8C200B5549F /* XCRemoteSwiftPackageReference "firebase-ios-sdk" */;
			productName = FirebaseInstallations;
		};
		EAC11E372ADBA8C200B5549F /* FirebaseMLModelDownloader */ = {
			isa = XCSwiftPackageProductDependency;
			package = EAC11E0E2ADBA8C200B5549F /* XCRemoteSwiftPackageReference "firebase-ios-sdk" */;
			productName = FirebaseMLModelDownloader;
		};
		EAC11E392ADBA8C200B5549F /* FirebaseMessaging */ = {
			isa = XCSwiftPackageProductDependency;
			package = EAC11E0E2ADBA8C200B5549F /* XCRemoteSwiftPackageReference "firebase-ios-sdk" */;
			productName = FirebaseMessaging;
		};
		EAC11E3B2ADBA8C200B5549F /* FirebasePerformance */ = {
			isa = XCSwiftPackageProductDependency;
			package = EAC11E0E2ADBA8C200B5549F /* XCRemoteSwiftPackageReference "firebase-ios-sdk" */;
			productName = FirebasePerformance;
		};
		EAC11E3D2ADBA8C200B5549F /* FirebaseRemoteConfig */ = {
			isa = XCSwiftPackageProductDependency;
			package = EAC11E0E2ADBA8C200B5549F /* XCRemoteSwiftPackageReference "firebase-ios-sdk" */;
			productName = FirebaseRemoteConfig;
		};
		EAC11E3F2ADBA8C200B5549F /* FirebaseRemoteConfigSwift */ = {
			isa = XCSwiftPackageProductDependency;
			package = EAC11E0E2ADBA8C200B5549F /* XCRemoteSwiftPackageReference "firebase-ios-sdk" */;
			productName = FirebaseRemoteConfigSwift;
		};
		EAC11E412ADBA8C200B5549F /* FirebaseStorage */ = {
			isa = XCSwiftPackageProductDependency;
			package = EAC11E0E2ADBA8C200B5549F /* XCRemoteSwiftPackageReference "firebase-ios-sdk" */;
			productName = FirebaseStorage;
		};
		EAC11E432ADBA8C200B5549F /* FirebaseStorageCombine-Community */ = {
			isa = XCSwiftPackageProductDependency;
			package = EAC11E0E2ADBA8C200B5549F /* XCRemoteSwiftPackageReference "firebase-ios-sdk" */;
			productName = "FirebaseStorageCombine-Community";
		};
/* End XCSwiftPackageProductDependency section */
	};
	rootObject = EAD1DB2F2AC23698002A55D9 /* Project object */;
}
